
Microsoft Visual Studio Solution File, Format Version 12.00
# Visual Studio Version 16
VisualStudioVersion = 16.0.31229.75
MinimumVisualStudioVersion = 10.0.40219.1
Project("{9A19103F-16F7-4668-BE54-9A1E7A4F7556}") = "Presentation", "RestaurantsManagementSystem\Presentation.csproj", "{B1C854E5-C128-40B2-BA99-CAF119F10B28}"
EndProject
Project("{FAE04EC0-301F-11D3-BF4B-00C04F79EFBC}") = "Database", "Database\Database.csproj", "{FBB29EAC-1B9F-4E2B-9975-ED58D187DCA1}"
EndProject
Global
	GlobalSection(SolutionConfigurationPlatforms) = preSolution
		Debug|Any CPU = Debug|Any CPU
		Release|Any CPU = Release|Any CPU
	EndGlobalSection
	GlobalSection(ProjectConfigurationPlatforms) = postSolution
		{B1C854E5-C128-40B2-BA99-CAF119F10B28}.Debug|Any CPU.ActiveCfg = Debug|Any CPU
		{B1C854E5-C128-40B2-BA99-CAF119F10B28}.Debug|Any CPU.Build.0 = Debug|Any CPU
		{B1C854E5-C128-40B2-BA99-CAF119F10B28}.Release|Any CPU.ActiveCfg = Release|Any CPU
		{B1C854E5-C128-40B2-BA99-CAF119F10B28}.Release|Any CPU.Build.0 = Release|Any CPU
		{FBB29EAC-1B9F-4E2B-9975-ED58D187DCA1}.Debug|Any CPU.ActiveCfg = Debug|Any CPU
		{FBB29EAC-1B9F-4E2B-9975-ED58D187DCA1}.Debug|Any CPU.Build.0 = Debug|Any CPU
		{FBB29EAC-1B9F-4E2B-9975-ED58D187DCA1}.Release|Any CPU.ActiveCfg = Release|Any CPU
		{FBB29EAC-1B9F-4E2B-9975-ED58D187DCA1}.Release|Any CPU.Build.0 = Release|Any CPU
	EndGlobalSection
	GlobalSection(SolutionProperties) = preSolution
		HideSolutionNode = FALSE
	EndGlobalSection
	GlobalSection(ExtensibilityGlobals) = postSolution
		SolutionGuid = {A5B68AFB-EFEF-452E-889E-1A2EBAED2BD2}
	EndGlobalSection
EndGlobal
